// !$*UTF8*$!
{
	archiveVersion = 1;
	classes = {
	};
	objectVersion = 50;
	objects = {

/* Begin PBXBuildFile section */
		42970B75A75D6C22F5D570BC /* Pods_iTunesSearchSampleTests.framework in Frameworks */ = {isa = PBXBuildFile; fileRef = 3AE4550B87E15E01B96D0B38 /* Pods_iTunesSearchSampleTests.framework */; };
		43316D9D1BF55CC63706CD66 /* Pods_iTunesSearchSampleUITests.framework in Frameworks */ = {isa = PBXBuildFile; fileRef = DDDC64521A7D5513CA47818B /* Pods_iTunesSearchSampleUITests.framework */; };
		660E1609A9D4D162ADF3D8ED /* Pods_iTunesSearchSample.framework in Frameworks */ = {isa = PBXBuildFile; fileRef = 74285BFFE9003801EDFE6ED6 /* Pods_iTunesSearchSample.framework */; };
		AC3A96E921D01CFB00B8DEAC /* SplashScreen.swift in Sources */ = {isa = PBXBuildFile; fileRef = AC3A96E821D01CFB00B8DEAC /* SplashScreen.swift */; };
		AC3A96ED21D01FFE00B8DEAC /* Glitzstick.ttf in Resources */ = {isa = PBXBuildFile; fileRef = AC3A96EB21D01FFE00B8DEAC /* Glitzstick.ttf */; };
		AC3A96EE21D01FFE00B8DEAC /* Glitzstick.ttf in Resources */ = {isa = PBXBuildFile; fileRef = AC3A96EB21D01FFE00B8DEAC /* Glitzstick.ttf */; };
		AC3A96EF21D01FFE00B8DEAC /* Glitzstick.ttf in Resources */ = {isa = PBXBuildFile; fileRef = AC3A96EB21D01FFE00B8DEAC /* Glitzstick.ttf */; };
		AC3A96F021D01FFE00B8DEAC /* sharefonts.net.txt in Resources */ = {isa = PBXBuildFile; fileRef = AC3A96EC21D01FFE00B8DEAC /* sharefonts.net.txt */; };
		AC3A96F121D01FFE00B8DEAC /* sharefonts.net.txt in Resources */ = {isa = PBXBuildFile; fileRef = AC3A96EC21D01FFE00B8DEAC /* sharefonts.net.txt */; };
		AC3A96F221D01FFE00B8DEAC /* sharefonts.net.txt in Resources */ = {isa = PBXBuildFile; fileRef = AC3A96EC21D01FFE00B8DEAC /* sharefonts.net.txt */; };
		AC3A96F321D02A3B00B8DEAC /* SplashScreen.swift in Sources */ = {isa = PBXBuildFile; fileRef = AC3A96E821D01CFB00B8DEAC /* SplashScreen.swift */; };
		AC3A96F421D02A3C00B8DEAC /* SplashScreen.swift in Sources */ = {isa = PBXBuildFile; fileRef = AC3A96E821D01CFB00B8DEAC /* SplashScreen.swift */; };
		AC3A96F521D0555C00B8DEAC /* TypeConverterViewModel.swift in Sources */ = {isa = PBXBuildFile; fileRef = E0155FD121CE554F0041A96C /* TypeConverterViewModel.swift */; };
		AC3A96F621D0555D00B8DEAC /* TypeConverterViewModel.swift in Sources */ = {isa = PBXBuildFile; fileRef = E0155FD121CE554F0041A96C /* TypeConverterViewModel.swift */; };
		AC3A96FC21D08C3C00B8DEAC /* DetailScreenController.swift in Sources */ = {isa = PBXBuildFile; fileRef = AC3A96FB21D08C3C00B8DEAC /* DetailScreenController.swift */; };
		AC3A96FD21D08C3C00B8DEAC /* DetailScreenController.swift in Sources */ = {isa = PBXBuildFile; fileRef = AC3A96FB21D08C3C00B8DEAC /* DetailScreenController.swift */; };
		AC3A96FE21D08C3C00B8DEAC /* DetailScreenController.swift in Sources */ = {isa = PBXBuildFile; fileRef = AC3A96FB21D08C3C00B8DEAC /* DetailScreenController.swift */; };
		AC3A970021D0AA2000B8DEAC /* ImageScaleHelper++.swift in Sources */ = {isa = PBXBuildFile; fileRef = AC3A96FF21D0AA2000B8DEAC /* ImageScaleHelper++.swift */; };
		AC3A970121D0AA2000B8DEAC /* ImageScaleHelper++.swift in Sources */ = {isa = PBXBuildFile; fileRef = AC3A96FF21D0AA2000B8DEAC /* ImageScaleHelper++.swift */; };
		AC3A970221D0AA2000B8DEAC /* ImageScaleHelper++.swift in Sources */ = {isa = PBXBuildFile; fileRef = AC3A96FF21D0AA2000B8DEAC /* ImageScaleHelper++.swift */; };
		E0155F7421CDD6910041A96C /* AppDelegate.swift in Sources */ = {isa = PBXBuildFile; fileRef = E0155F7321CDD6910041A96C /* AppDelegate.swift */; };
		E0155F7621CDD6910041A96C /* MainScreenController.swift in Sources */ = {isa = PBXBuildFile; fileRef = E0155F7521CDD6910041A96C /* MainScreenController.swift */; };
		E0155F7921CDD6910041A96C /* Main.storyboard in Resources */ = {isa = PBXBuildFile; fileRef = E0155F7721CDD6910041A96C /* Main.storyboard */; };
		E0155F7C21CDD6910041A96C /* iTunesSearchSample.xcdatamodeld in Sources */ = {isa = PBXBuildFile; fileRef = E0155F7A21CDD6910041A96C /* iTunesSearchSample.xcdatamodeld */; };
		E0155F7E21CDD6920041A96C /* Assets.xcassets in Resources */ = {isa = PBXBuildFile; fileRef = E0155F7D21CDD6920041A96C /* Assets.xcassets */; };
		E0155F8121CDD6920041A96C /* LaunchScreen.storyboard in Resources */ = {isa = PBXBuildFile; fileRef = E0155F7F21CDD6920041A96C /* LaunchScreen.storyboard */; };
		E0155F8C21CDD6920041A96C /* iTunesSearchSampleTests.swift in Sources */ = {isa = PBXBuildFile; fileRef = E0155F8B21CDD6920041A96C /* iTunesSearchSampleTests.swift */; };
		E0155F9721CDD6920041A96C /* iTunesSearchSampleUITests.swift in Sources */ = {isa = PBXBuildFile; fileRef = E0155F9621CDD6920041A96C /* iTunesSearchSampleUITests.swift */; };
		E0155FA621CDD9430041A96C /* FetchedObjects.swift in Sources */ = {isa = PBXBuildFile; fileRef = E0155FA521CDD9430041A96C /* FetchedObjects.swift */; };
		E0155FA721CDD9430041A96C /* FetchedObjects.swift in Sources */ = {isa = PBXBuildFile; fileRef = E0155FA521CDD9430041A96C /* FetchedObjects.swift */; };
		E0155FA821CDD9430041A96C /* FetchedObjects.swift in Sources */ = {isa = PBXBuildFile; fileRef = E0155FA521CDD9430041A96C /* FetchedObjects.swift */; };
		E0155FAC21CDEAC60041A96C /* Track.swift in Sources */ = {isa = PBXBuildFile; fileRef = E0155FAB21CDEAC60041A96C /* Track.swift */; };
		E0155FAD21CDEAC60041A96C /* Track.swift in Sources */ = {isa = PBXBuildFile; fileRef = E0155FAB21CDEAC60041A96C /* Track.swift */; };
		E0155FAE21CDEAC60041A96C /* Track.swift in Sources */ = {isa = PBXBuildFile; fileRef = E0155FAB21CDEAC60041A96C /* Track.swift */; };
		E0155FB921CE094F0041A96C /* MainScreenCollectionViewCell.swift in Sources */ = {isa = PBXBuildFile; fileRef = E0155FB821CE094F0041A96C /* MainScreenCollectionViewCell.swift */; };
		E0155FBA21CE094F0041A96C /* MainScreenCollectionViewCell.swift in Sources */ = {isa = PBXBuildFile; fileRef = E0155FB821CE094F0041A96C /* MainScreenCollectionViewCell.swift */; };
		E0155FBB21CE094F0041A96C /* MainScreenCollectionViewCell.swift in Sources */ = {isa = PBXBuildFile; fileRef = E0155FB821CE094F0041A96C /* MainScreenCollectionViewCell.swift */; };
		E0155FBE21CE33270041A96C /* MainScreenHeaderView.swift in Sources */ = {isa = PBXBuildFile; fileRef = E0155FBD21CE33270041A96C /* MainScreenHeaderView.swift */; };
		E0155FBF21CE33270041A96C /* MainScreenHeaderView.swift in Sources */ = {isa = PBXBuildFile; fileRef = E0155FBD21CE33270041A96C /* MainScreenHeaderView.swift */; };
		E0155FC021CE33270041A96C /* MainScreenHeaderView.swift in Sources */ = {isa = PBXBuildFile; fileRef = E0155FBD21CE33270041A96C /* MainScreenHeaderView.swift */; };
		E0155FC321CE34C80041A96C /* ConstraintHelpers++.swift in Sources */ = {isa = PBXBuildFile; fileRef = E0155FC221CE34C80041A96C /* ConstraintHelpers++.swift */; };
		E0155FC421CE34C80041A96C /* ConstraintHelpers++.swift in Sources */ = {isa = PBXBuildFile; fileRef = E0155FC221CE34C80041A96C /* ConstraintHelpers++.swift */; };
		E0155FC521CE34C80041A96C /* ConstraintHelpers++.swift in Sources */ = {isa = PBXBuildFile; fileRef = E0155FC221CE34C80041A96C /* ConstraintHelpers++.swift */; };
		E0155FC721CE34E90041A96C /* DeviceHelpers++.swift in Sources */ = {isa = PBXBuildFile; fileRef = E0155FC621CE34E90041A96C /* DeviceHelpers++.swift */; };
		E0155FC821CE34E90041A96C /* DeviceHelpers++.swift in Sources */ = {isa = PBXBuildFile; fileRef = E0155FC621CE34E90041A96C /* DeviceHelpers++.swift */; };
		E0155FC921CE34E90041A96C /* DeviceHelpers++.swift in Sources */ = {isa = PBXBuildFile; fileRef = E0155FC621CE34E90041A96C /* DeviceHelpers++.swift */; };
		E0155FCB21CE35D60041A96C /* MainScreenBackgroundView.swift in Sources */ = {isa = PBXBuildFile; fileRef = E0155FCA21CE35D60041A96C /* MainScreenBackgroundView.swift */; };
		E0155FCC21CE35D60041A96C /* MainScreenBackgroundView.swift in Sources */ = {isa = PBXBuildFile; fileRef = E0155FCA21CE35D60041A96C /* MainScreenBackgroundView.swift */; };
		E0155FCD21CE35D60041A96C /* MainScreenBackgroundView.swift in Sources */ = {isa = PBXBuildFile; fileRef = E0155FCA21CE35D60041A96C /* MainScreenBackgroundView.swift */; };
		E0155FD221CE554F0041A96C /* TypeConverterViewModel.swift in Sources */ = {isa = PBXBuildFile; fileRef = E0155FD121CE554F0041A96C /* TypeConverterViewModel.swift */; };
		E0155FD421CEBAAB0041A96C /* RealmTrack.swift in Sources */ = {isa = PBXBuildFile; fileRef = E0155FD321CEBAAB0041A96C /* RealmTrack.swift */; };
		E0155FD521CEBAAB0041A96C /* RealmTrack.swift in Sources */ = {isa = PBXBuildFile; fileRef = E0155FD321CEBAAB0041A96C /* RealmTrack.swift */; };
		E0155FD621CEBAAB0041A96C /* RealmTrack.swift in Sources */ = {isa = PBXBuildFile; fileRef = E0155FD321CEBAAB0041A96C /* RealmTrack.swift */; };
		E0155FD821CEDBA60041A96C /* CacheManager.swift in Sources */ = {isa = PBXBuildFile; fileRef = E0155FD721CEDBA60041A96C /* CacheManager.swift */; };
		E0155FD921CEDBA60041A96C /* CacheManager.swift in Sources */ = {isa = PBXBuildFile; fileRef = E0155FD721CEDBA60041A96C /* CacheManager.swift */; };
		E0155FDA21CEDBA60041A96C /* CacheManager.swift in Sources */ = {isa = PBXBuildFile; fileRef = E0155FD721CEDBA60041A96C /* CacheManager.swift */; };
		E0155FDC21CF59500041A96C /* ImageDownloader.swift in Sources */ = {isa = PBXBuildFile; fileRef = E0155FDB21CF59500041A96C /* ImageDownloader.swift */; };
		E0155FDD21CF59500041A96C /* ImageDownloader.swift in Sources */ = {isa = PBXBuildFile; fileRef = E0155FDB21CF59500041A96C /* ImageDownloader.swift */; };
		E0155FDE21CF59500041A96C /* ImageDownloader.swift in Sources */ = {isa = PBXBuildFile; fileRef = E0155FDB21CF59500041A96C /* ImageDownloader.swift */; };
		E0AADC5221D2C5BD00C2B4E5 /* DetailsView.swift in Sources */ = {isa = PBXBuildFile; fileRef = E0AADC5121D2C5BD00C2B4E5 /* DetailsView.swift */; };
		E0AADC5321D2C5BD00C2B4E5 /* DetailsView.swift in Sources */ = {isa = PBXBuildFile; fileRef = E0AADC5121D2C5BD00C2B4E5 /* DetailsView.swift */; };
		E0AADC5421D2C5BD00C2B4E5 /* DetailsView.swift in Sources */ = {isa = PBXBuildFile; fileRef = E0AADC5121D2C5BD00C2B4E5 /* DetailsView.swift */; };
		E0AADC5521D2C97400C2B4E5 /* MainScreenController.swift in Sources */ = {isa = PBXBuildFile; fileRef = E0155F7521CDD6910041A96C /* MainScreenController.swift */; };
		E0AADC5621D2C97500C2B4E5 /* MainScreenController.swift in Sources */ = {isa = PBXBuildFile; fileRef = E0155F7521CDD6910041A96C /* MainScreenController.swift */; };
/* End PBXBuildFile section */

/* Begin PBXContainerItemProxy section */
		E0155F8821CDD6920041A96C /* PBXContainerItemProxy */ = {
			isa = PBXContainerItemProxy;
			containerPortal = E0155F6821CDD6900041A96C /* Project object */;
			proxyType = 1;
			remoteGlobalIDString = E0155F6F21CDD6910041A96C;
			remoteInfo = iTunesSearchSample;
		};
		E0155F9321CDD6920041A96C /* PBXContainerItemProxy */ = {
			isa = PBXContainerItemProxy;
			containerPortal = E0155F6821CDD6900041A96C /* Project object */;
			proxyType = 1;
			remoteGlobalIDString = E0155F6F21CDD6910041A96C;
			remoteInfo = iTunesSearchSample;
		};
/* End PBXContainerItemProxy section */

/* Begin PBXFileReference section */
		08786CF788AC44DCA32BEE72 /* Pods-iTunesSearchSampleTests.debug.xcconfig */ = {isa = PBXFileReference; includeInIndex = 1; lastKnownFileType = text.xcconfig; name = "Pods-iTunesSearchSampleTests.debug.xcconfig"; path = "Pods/Target Support Files/Pods-iTunesSearchSampleTests/Pods-iTunesSearchSampleTests.debug.xcconfig"; sourceTree = "<group>"; };
		3AE4550B87E15E01B96D0B38 /* Pods_iTunesSearchSampleTests.framework */ = {isa = PBXFileReference; explicitFileType = wrapper.framework; includeInIndex = 0; path = Pods_iTunesSearchSampleTests.framework; sourceTree = BUILT_PRODUCTS_DIR; };
		74285BFFE9003801EDFE6ED6 /* Pods_iTunesSearchSample.framework */ = {isa = PBXFileReference; explicitFileType = wrapper.framework; includeInIndex = 0; path = Pods_iTunesSearchSample.framework; sourceTree = BUILT_PRODUCTS_DIR; };
		7CAB0B95F23AC46CBBE56D84 /* Pods-iTunesSearchSampleTests.release.xcconfig */ = {isa = PBXFileReference; includeInIndex = 1; lastKnownFileType = text.xcconfig; name = "Pods-iTunesSearchSampleTests.release.xcconfig"; path = "Pods/Target Support Files/Pods-iTunesSearchSampleTests/Pods-iTunesSearchSampleTests.release.xcconfig"; sourceTree = "<group>"; };
		952D4BBF8E4613CC62A1FF96 /* Pods-iTunesSearchSampleUITests.debug.xcconfig */ = {isa = PBXFileReference; includeInIndex = 1; lastKnownFileType = text.xcconfig; name = "Pods-iTunesSearchSampleUITests.debug.xcconfig"; path = "Pods/Target Support Files/Pods-iTunesSearchSampleUITests/Pods-iTunesSearchSampleUITests.debug.xcconfig"; sourceTree = "<group>"; };
		980691782194E4CBBBFA2722 /* Pods-iTunesSearchSampleUITests.release.xcconfig */ = {isa = PBXFileReference; includeInIndex = 1; lastKnownFileType = text.xcconfig; name = "Pods-iTunesSearchSampleUITests.release.xcconfig"; path = "Pods/Target Support Files/Pods-iTunesSearchSampleUITests/Pods-iTunesSearchSampleUITests.release.xcconfig"; sourceTree = "<group>"; };
		A659FF879D7F8A6AC24B7CA3 /* Pods-iTunesSearchSample.release.xcconfig */ = {isa = PBXFileReference; includeInIndex = 1; lastKnownFileType = text.xcconfig; name = "Pods-iTunesSearchSample.release.xcconfig"; path = "Pods/Target Support Files/Pods-iTunesSearchSample/Pods-iTunesSearchSample.release.xcconfig"; sourceTree = "<group>"; };
		AC3A96E821D01CFB00B8DEAC /* SplashScreen.swift */ = {isa = PBXFileReference; lastKnownFileType = sourcecode.swift; path = SplashScreen.swift; sourceTree = "<group>"; };
		AC3A96EB21D01FFE00B8DEAC /* Glitzstick.ttf */ = {isa = PBXFileReference; lastKnownFileType = file; path = Glitzstick.ttf; sourceTree = "<group>"; };
		AC3A96EC21D01FFE00B8DEAC /* sharefonts.net.txt */ = {isa = PBXFileReference; fileEncoding = 4; lastKnownFileType = text; path = sharefonts.net.txt; sourceTree = "<group>"; };
		AC3A96FB21D08C3C00B8DEAC /* DetailScreenController.swift */ = {isa = PBXFileReference; lastKnownFileType = sourcecode.swift; path = DetailScreenController.swift; sourceTree = "<group>"; };
		AC3A96FF21D0AA2000B8DEAC /* ImageScaleHelper++.swift */ = {isa = PBXFileReference; lastKnownFileType = sourcecode.swift; path = "ImageScaleHelper++.swift"; sourceTree = "<group>"; };
		DCDF8A00815DB2103347EF80 /* Pods-iTunesSearchSample.debug.xcconfig */ = {isa = PBXFileReference; includeInIndex = 1; lastKnownFileType = text.xcconfig; name = "Pods-iTunesSearchSample.debug.xcconfig"; path = "Pods/Target Support Files/Pods-iTunesSearchSample/Pods-iTunesSearchSample.debug.xcconfig"; sourceTree = "<group>"; };
		DDDC64521A7D5513CA47818B /* Pods_iTunesSearchSampleUITests.framework */ = {isa = PBXFileReference; explicitFileType = wrapper.framework; includeInIndex = 0; path = Pods_iTunesSearchSampleUITests.framework; sourceTree = BUILT_PRODUCTS_DIR; };
		E0155F7021CDD6910041A96C /* iTunesSearchSample.app */ = {isa = PBXFileReference; explicitFileType = wrapper.application; includeInIndex = 0; path = iTunesSearchSample.app; sourceTree = BUILT_PRODUCTS_DIR; };
		E0155F7321CDD6910041A96C /* AppDelegate.swift */ = {isa = PBXFileReference; lastKnownFileType = sourcecode.swift; path = AppDelegate.swift; sourceTree = "<group>"; };
		E0155F7521CDD6910041A96C /* MainScreenController.swift */ = {isa = PBXFileReference; lastKnownFileType = sourcecode.swift; path = MainScreenController.swift; sourceTree = "<group>"; };
		E0155F7821CDD6910041A96C /* Base */ = {isa = PBXFileReference; lastKnownFileType = file.storyboard; name = Base; path = Base.lproj/Main.storyboard; sourceTree = "<group>"; };
		E0155F7B21CDD6910041A96C /* iTunesSearchSample.xcdatamodel */ = {isa = PBXFileReference; lastKnownFileType = wrapper.xcdatamodel; path = iTunesSearchSample.xcdatamodel; sourceTree = "<group>"; };
		E0155F7D21CDD6920041A96C /* Assets.xcassets */ = {isa = PBXFileReference; lastKnownFileType = folder.assetcatalog; path = Assets.xcassets; sourceTree = "<group>"; };
		E0155F8021CDD6920041A96C /* Base */ = {isa = PBXFileReference; lastKnownFileType = file.storyboard; name = Base; path = Base.lproj/LaunchScreen.storyboard; sourceTree = "<group>"; };
		E0155F8221CDD6920041A96C /* Info.plist */ = {isa = PBXFileReference; lastKnownFileType = text.plist.xml; path = Info.plist; sourceTree = "<group>"; };
		E0155F8721CDD6920041A96C /* iTunesSearchSampleTests.xctest */ = {isa = PBXFileReference; explicitFileType = wrapper.cfbundle; includeInIndex = 0; path = iTunesSearchSampleTests.xctest; sourceTree = BUILT_PRODUCTS_DIR; };
		E0155F8B21CDD6920041A96C /* iTunesSearchSampleTests.swift */ = {isa = PBXFileReference; lastKnownFileType = sourcecode.swift; path = iTunesSearchSampleTests.swift; sourceTree = "<group>"; };
		E0155F8D21CDD6920041A96C /* Info.plist */ = {isa = PBXFileReference; lastKnownFileType = text.plist.xml; path = Info.plist; sourceTree = "<group>"; };
		E0155F9221CDD6920041A96C /* iTunesSearchSampleUITests.xctest */ = {isa = PBXFileReference; explicitFileType = wrapper.cfbundle; includeInIndex = 0; path = iTunesSearchSampleUITests.xctest; sourceTree = BUILT_PRODUCTS_DIR; };
		E0155F9621CDD6920041A96C /* iTunesSearchSampleUITests.swift */ = {isa = PBXFileReference; lastKnownFileType = sourcecode.swift; path = iTunesSearchSampleUITests.swift; sourceTree = "<group>"; };
		E0155F9821CDD6920041A96C /* Info.plist */ = {isa = PBXFileReference; lastKnownFileType = text.plist.xml; path = Info.plist; sourceTree = "<group>"; };
		E0155FA521CDD9430041A96C /* FetchedObjects.swift */ = {isa = PBXFileReference; lastKnownFileType = sourcecode.swift; path = FetchedObjects.swift; sourceTree = "<group>"; };
		E0155FAB21CDEAC60041A96C /* Track.swift */ = {isa = PBXFileReference; lastKnownFileType = sourcecode.swift; path = Track.swift; sourceTree = "<group>"; };
		E0155FB821CE094F0041A96C /* MainScreenCollectionViewCell.swift */ = {isa = PBXFileReference; lastKnownFileType = sourcecode.swift; path = MainScreenCollectionViewCell.swift; sourceTree = "<group>"; };
		E0155FBD21CE33270041A96C /* MainScreenHeaderView.swift */ = {isa = PBXFileReference; lastKnownFileType = sourcecode.swift; path = MainScreenHeaderView.swift; sourceTree = "<group>"; };
		E0155FC221CE34C80041A96C /* ConstraintHelpers++.swift */ = {isa = PBXFileReference; lastKnownFileType = sourcecode.swift; path = "ConstraintHelpers++.swift"; sourceTree = "<group>"; };
		E0155FC621CE34E90041A96C /* DeviceHelpers++.swift */ = {isa = PBXFileReference; lastKnownFileType = sourcecode.swift; path = "DeviceHelpers++.swift"; sourceTree = "<group>"; };
		E0155FCA21CE35D60041A96C /* MainScreenBackgroundView.swift */ = {isa = PBXFileReference; lastKnownFileType = sourcecode.swift; path = MainScreenBackgroundView.swift; sourceTree = "<group>"; };
		E0155FD121CE554F0041A96C /* TypeConverterViewModel.swift */ = {isa = PBXFileReference; lastKnownFileType = sourcecode.swift; path = TypeConverterViewModel.swift; sourceTree = "<group>"; };
		E0155FD321CEBAAB0041A96C /* RealmTrack.swift */ = {isa = PBXFileReference; lastKnownFileType = sourcecode.swift; path = RealmTrack.swift; sourceTree = "<group>"; };
		E0155FD721CEDBA60041A96C /* CacheManager.swift */ = {isa = PBXFileReference; lastKnownFileType = sourcecode.swift; path = CacheManager.swift; sourceTree = "<group>"; };
		E0155FDB21CF59500041A96C /* ImageDownloader.swift */ = {isa = PBXFileReference; lastKnownFileType = sourcecode.swift; path = ImageDownloader.swift; sourceTree = "<group>"; };
		E0AADC5121D2C5BD00C2B4E5 /* DetailsView.swift */ = {isa = PBXFileReference; lastKnownFileType = sourcecode.swift; path = DetailsView.swift; sourceTree = "<group>"; };
/* End PBXFileReference section */

/* Begin PBXFrameworksBuildPhase section */
		E0155F6D21CDD6910041A96C /* Frameworks */ = {
			isa = PBXFrameworksBuildPhase;
			buildActionMask = 2147483647;
			files = (
				660E1609A9D4D162ADF3D8ED /* Pods_iTunesSearchSample.framework in Frameworks */,
			);
			runOnlyForDeploymentPostprocessing = 0;
		};
		E0155F8421CDD6920041A96C /* Frameworks */ = {
			isa = PBXFrameworksBuildPhase;
			buildActionMask = 2147483647;
			files = (
				42970B75A75D6C22F5D570BC /* Pods_iTunesSearchSampleTests.framework in Frameworks */,
			);
			runOnlyForDeploymentPostprocessing = 0;
		};
		E0155F8F21CDD6920041A96C /* Frameworks */ = {
			isa = PBXFrameworksBuildPhase;
			buildActionMask = 2147483647;
			files = (
				43316D9D1BF55CC63706CD66 /* Pods_iTunesSearchSampleUITests.framework in Frameworks */,
			);
			runOnlyForDeploymentPostprocessing = 0;
		};
/* End PBXFrameworksBuildPhase section */

/* Begin PBXGroup section */
		AC3A96EA21D01FFE00B8DEAC /* glitzstick */ = {
			isa = PBXGroup;
			children = (
				AC3A96EB21D01FFE00B8DEAC /* Glitzstick.ttf */,
				AC3A96EC21D01FFE00B8DEAC /* sharefonts.net.txt */,
			);
			path = glitzstick;
			sourceTree = "<group>";
		};
		C45DADBCCC74DBAB9AE122B9 /* Pods */ = {
			isa = PBXGroup;
			children = (
				DCDF8A00815DB2103347EF80 /* Pods-iTunesSearchSample.debug.xcconfig */,
				A659FF879D7F8A6AC24B7CA3 /* Pods-iTunesSearchSample.release.xcconfig */,
				08786CF788AC44DCA32BEE72 /* Pods-iTunesSearchSampleTests.debug.xcconfig */,
				7CAB0B95F23AC46CBBE56D84 /* Pods-iTunesSearchSampleTests.release.xcconfig */,
				952D4BBF8E4613CC62A1FF96 /* Pods-iTunesSearchSampleUITests.debug.xcconfig */,
				980691782194E4CBBBFA2722 /* Pods-iTunesSearchSampleUITests.release.xcconfig */,
			);
			name = Pods;
			sourceTree = "<group>";
		};
		DFF7BD489A8168D272DEDA3C /* Frameworks */ = {
			isa = PBXGroup;
			children = (
				74285BFFE9003801EDFE6ED6 /* Pods_iTunesSearchSample.framework */,
				3AE4550B87E15E01B96D0B38 /* Pods_iTunesSearchSampleTests.framework */,
				DDDC64521A7D5513CA47818B /* Pods_iTunesSearchSampleUITests.framework */,
			);
			name = Frameworks;
			sourceTree = "<group>";
		};
		E0155F6721CDD6900041A96C = {
			isa = PBXGroup;
			children = (
				E0155F7221CDD6910041A96C /* iTunesSearchSample */,
				E0155F8A21CDD6920041A96C /* iTunesSearchSampleTests */,
				E0155F9521CDD6920041A96C /* iTunesSearchSampleUITests */,
				E0155F7121CDD6910041A96C /* Products */,
				C45DADBCCC74DBAB9AE122B9 /* Pods */,
				DFF7BD489A8168D272DEDA3C /* Frameworks */,
			);
			sourceTree = "<group>";
		};
		E0155F7121CDD6910041A96C /* Products */ = {
			isa = PBXGroup;
			children = (
				E0155F7021CDD6910041A96C /* iTunesSearchSample.app */,
				E0155F8721CDD6920041A96C /* iTunesSearchSampleTests.xctest */,
				E0155F9221CDD6920041A96C /* iTunesSearchSampleUITests.xctest */,
			);
			name = Products;
			sourceTree = "<group>";
		};
		E0155F7221CDD6910041A96C /* iTunesSearchSample */ = {
			isa = PBXGroup;
			children = (
				E0155FD021CE55160041A96C /* ViewModels */,
				E0155FC121CE34A60041A96C /* Helpers++ */,
				E0155FBC21CE32A50041A96C /* Views */,
				E0155FB321CE07E10041A96C /* CollectionViewCells */,
				E0155FAA21CDEAA60041A96C /* Models */,
				E0155FA921CDE2690041A96C /* ViewControllers */,
				AC3A96EA21D01FFE00B8DEAC /* glitzstick */,
				E0155F7321CDD6910041A96C /* AppDelegate.swift */,
				E0155F7721CDD6910041A96C /* Main.storyboard */,
				E0155F7D21CDD6920041A96C /* Assets.xcassets */,
				E0155F7F21CDD6920041A96C /* LaunchScreen.storyboard */,
				E0155F8221CDD6920041A96C /* Info.plist */,
				E0155F7A21CDD6910041A96C /* iTunesSearchSample.xcdatamodeld */,
			);
			path = iTunesSearchSample;
			sourceTree = "<group>";
		};
		E0155F8A21CDD6920041A96C /* iTunesSearchSampleTests */ = {
			isa = PBXGroup;
			children = (
				E0155F8B21CDD6920041A96C /* iTunesSearchSampleTests.swift */,
				E0155F8D21CDD6920041A96C /* Info.plist */,
			);
			path = iTunesSearchSampleTests;
			sourceTree = "<group>";
		};
		E0155F9521CDD6920041A96C /* iTunesSearchSampleUITests */ = {
			isa = PBXGroup;
			children = (
				E0155F9621CDD6920041A96C /* iTunesSearchSampleUITests.swift */,
				E0155F9821CDD6920041A96C /* Info.plist */,
			);
			path = iTunesSearchSampleUITests;
			sourceTree = "<group>";
		};
		E0155FA921CDE2690041A96C /* ViewControllers */ = {
			isa = PBXGroup;
			children = (
				E0155F7521CDD6910041A96C /* MainScreenController.swift */,
				AC3A96E821D01CFB00B8DEAC /* SplashScreen.swift */,
				AC3A96FB21D08C3C00B8DEAC /* DetailScreenController.swift */,
			);
			path = ViewControllers;
			sourceTree = "<group>";
		};
		E0155FAA21CDEAA60041A96C /* Models */ = {
			isa = PBXGroup;
			children = (
				E0155FAB21CDEAC60041A96C /* Track.swift */,
				E0155FD321CEBAAB0041A96C /* RealmTrack.swift */,
			);
			path = Models;
			sourceTree = "<group>";
		};
		E0155FB321CE07E10041A96C /* CollectionViewCells */ = {
			isa = PBXGroup;
			children = (
				E0155FB821CE094F0041A96C /* MainScreenCollectionViewCell.swift */,
			);
			path = CollectionViewCells;
			sourceTree = "<group>";
		};
		E0155FBC21CE32A50041A96C /* Views */ = {
			isa = PBXGroup;
			children = (
				E0AADC5021D2C59C00C2B4E5 /* DetailsView */,
				E0155FCE21CE3C4F0041A96C /* MainScreen */,
			);
			path = Views;
			sourceTree = "<group>";
		};
		E0155FC121CE34A60041A96C /* Helpers++ */ = {
			isa = PBXGroup;
			children = (
				E0155FC221CE34C80041A96C /* ConstraintHelpers++.swift */,
				E0155FC621CE34E90041A96C /* DeviceHelpers++.swift */,
				AC3A96FF21D0AA2000B8DEAC /* ImageScaleHelper++.swift */,
			);
			path = "Helpers++";
			sourceTree = "<group>";
		};
		E0155FCE21CE3C4F0041A96C /* MainScreen */ = {
			isa = PBXGroup;
			children = (
				E0155FCA21CE35D60041A96C /* MainScreenBackgroundView.swift */,
				E0155FBD21CE33270041A96C /* MainScreenHeaderView.swift */,
			);
			path = MainScreen;
			sourceTree = "<group>";
		};
		E0155FD021CE55160041A96C /* ViewModels */ = {
			isa = PBXGroup;
			children = (
				E0155FDB21CF59500041A96C /* ImageDownloader.swift */,
				E0155FD721CEDBA60041A96C /* CacheManager.swift */,
				E0155FA521CDD9430041A96C /* FetchedObjects.swift */,
				E0155FD121CE554F0041A96C /* TypeConverterViewModel.swift */,
			);
			path = ViewModels;
			sourceTree = "<group>";
		};
		E0AADC5021D2C59C00C2B4E5 /* DetailsView */ = {
			isa = PBXGroup;
			children = (
				E0AADC5121D2C5BD00C2B4E5 /* DetailsView.swift */,
			);
			path = DetailsView;
			sourceTree = "<group>";
		};
/* End PBXGroup section */

/* Begin PBXNativeTarget section */
		E0155F6F21CDD6910041A96C /* iTunesSearchSample */ = {
			isa = PBXNativeTarget;
			buildConfigurationList = E0155F9B21CDD6920041A96C /* Build configuration list for PBXNativeTarget "iTunesSearchSample" */;
			buildPhases = (
				6CD75A6069D49538C7768A54 /* [CP] Check Pods Manifest.lock */,
				E0155F6C21CDD6910041A96C /* Sources */,
				E0155F6D21CDD6910041A96C /* Frameworks */,
				E0155F6E21CDD6910041A96C /* Resources */,
				13AD48BF79A3580BFBA30BBB /* [CP] Embed Pods Frameworks */,
			);
			buildRules = (
			);
			dependencies = (
			);
			name = iTunesSearchSample;
			productName = iTunesSearchSample;
			productReference = E0155F7021CDD6910041A96C /* iTunesSearchSample.app */;
			productType = "com.apple.product-type.application";
		};
		E0155F8621CDD6920041A96C /* iTunesSearchSampleTests */ = {
			isa = PBXNativeTarget;
			buildConfigurationList = E0155F9E21CDD6920041A96C /* Build configuration list for PBXNativeTarget "iTunesSearchSampleTests" */;
			buildPhases = (
				706305B8541FCF390F4E76D1 /* [CP] Check Pods Manifest.lock */,
				E0155F8321CDD6920041A96C /* Sources */,
				E0155F8421CDD6920041A96C /* Frameworks */,
				E0155F8521CDD6920041A96C /* Resources */,
				4B96D12CB09C453847F75232 /* [CP] Embed Pods Frameworks */,
			);
			buildRules = (
			);
			dependencies = (
				E0155F8921CDD6920041A96C /* PBXTargetDependency */,
			);
			name = iTunesSearchSampleTests;
			productName = iTunesSearchSampleTests;
			productReference = E0155F8721CDD6920041A96C /* iTunesSearchSampleTests.xctest */;
			productType = "com.apple.product-type.bundle.unit-test";
		};
		E0155F9121CDD6920041A96C /* iTunesSearchSampleUITests */ = {
			isa = PBXNativeTarget;
			buildConfigurationList = E0155FA121CDD6920041A96C /* Build configuration list for PBXNativeTarget "iTunesSearchSampleUITests" */;
			buildPhases = (
				F7E9DB6BA3EA4251F2BE5AB1 /* [CP] Check Pods Manifest.lock */,
				E0155F8E21CDD6920041A96C /* Sources */,
				E0155F8F21CDD6920041A96C /* Frameworks */,
				E0155F9021CDD6920041A96C /* Resources */,
				9F033B3E281F2D01641651AA /* [CP] Embed Pods Frameworks */,
			);
			buildRules = (
			);
			dependencies = (
				E0155F9421CDD6920041A96C /* PBXTargetDependency */,
			);
			name = iTunesSearchSampleUITests;
			productName = iTunesSearchSampleUITests;
			productReference = E0155F9221CDD6920041A96C /* iTunesSearchSampleUITests.xctest */;
			productType = "com.apple.product-type.bundle.ui-testing";
		};
/* End PBXNativeTarget section */

/* Begin PBXProject section */
		E0155F6821CDD6900041A96C /* Project object */ = {
			isa = PBXProject;
			attributes = {
				LastSwiftUpdateCheck = 1010;
				LastUpgradeCheck = 1010;
				ORGANIZATIONNAME = "Rey Cerio";
				TargetAttributes = {
					E0155F6F21CDD6910041A96C = {
						CreatedOnToolsVersion = 10.1;
					};
					E0155F8621CDD6920041A96C = {
						CreatedOnToolsVersion = 10.1;
						TestTargetID = E0155F6F21CDD6910041A96C;
					};
					E0155F9121CDD6920041A96C = {
						CreatedOnToolsVersion = 10.1;
						TestTargetID = E0155F6F21CDD6910041A96C;
					};
				};
			};
			buildConfigurationList = E0155F6B21CDD6900041A96C /* Build configuration list for PBXProject "iTunesSearchSample" */;
			compatibilityVersion = "Xcode 9.3";
			developmentRegion = en;
			hasScannedForEncodings = 0;
			knownRegions = (
				en,
				Base,
			);
			mainGroup = E0155F6721CDD6900041A96C;
			productRefGroup = E0155F7121CDD6910041A96C /* Products */;
			projectDirPath = "";
			projectRoot = "";
			targets = (
				E0155F6F21CDD6910041A96C /* iTunesSearchSample */,
				E0155F8621CDD6920041A96C /* iTunesSearchSampleTests */,
				E0155F9121CDD6920041A96C /* iTunesSearchSampleUITests */,
			);
		};
/* End PBXProject section */

/* Begin PBXResourcesBuildPhase section */
		E0155F6E21CDD6910041A96C /* Resources */ = {
			isa = PBXResourcesBuildPhase;
			buildActionMask = 2147483647;
			files = (
				AC3A96F021D01FFE00B8DEAC /* sharefonts.net.txt in Resources */,
				E0155F8121CDD6920041A96C /* LaunchScreen.storyboard in Resources */,
				E0155F7E21CDD6920041A96C /* Assets.xcassets in Resources */,
				AC3A96ED21D01FFE00B8DEAC /* Glitzstick.ttf in Resources */,
				E0155F7921CDD6910041A96C /* Main.storyboard in Resources */,
			);
			runOnlyForDeploymentPostprocessing = 0;
		};
		E0155F8521CDD6920041A96C /* Resources */ = {
			isa = PBXResourcesBuildPhase;
			buildActionMask = 2147483647;
			files = (
				AC3A96F121D01FFE00B8DEAC /* sharefonts.net.txt in Resources */,
				AC3A96EE21D01FFE00B8DEAC /* Glitzstick.ttf in Resources */,
			);
			runOnlyForDeploymentPostprocessing = 0;
		};
		E0155F9021CDD6920041A96C /* Resources */ = {
			isa = PBXResourcesBuildPhase;
			buildActionMask = 2147483647;
			files = (
				AC3A96F221D01FFE00B8DEAC /* sharefonts.net.txt in Resources */,
				AC3A96EF21D01FFE00B8DEAC /* Glitzstick.ttf in Resources */,
			);
			runOnlyForDeploymentPostprocessing = 0;
		};
/* End PBXResourcesBuildPhase section */

/* Begin PBXShellScriptBuildPhase section */
		13AD48BF79A3580BFBA30BBB /* [CP] Embed Pods Frameworks */ = {
			isa = PBXShellScriptBuildPhase;
			buildActionMask = 2147483647;
			files = (
			);
			inputPaths = (
				"${SRCROOT}/Pods/Target Support Files/Pods-iTunesSearchSample/Pods-iTunesSearchSample-frameworks.sh",
				"${BUILT_PRODUCTS_DIR}/Alamofire/Alamofire.framework",
				"${BUILT_PRODUCTS_DIR}/AlamofireImage/AlamofireImage.framework",
				"${BUILT_PRODUCTS_DIR}/Realm/Realm.framework",
				"${BUILT_PRODUCTS_DIR}/RealmSwift/RealmSwift.framework",
			);
			name = "[CP] Embed Pods Frameworks";
			outputPaths = (
				"${TARGET_BUILD_DIR}/${FRAMEWORKS_FOLDER_PATH}/Alamofire.framework",
				"${TARGET_BUILD_DIR}/${FRAMEWORKS_FOLDER_PATH}/AlamofireImage.framework",
				"${TARGET_BUILD_DIR}/${FRAMEWORKS_FOLDER_PATH}/Realm.framework",
				"${TARGET_BUILD_DIR}/${FRAMEWORKS_FOLDER_PATH}/RealmSwift.framework",
			);
			runOnlyForDeploymentPostprocessing = 0;
			shellPath = /bin/sh;
			shellScript = "\"${SRCROOT}/Pods/Target Support Files/Pods-iTunesSearchSample/Pods-iTunesSearchSample-frameworks.sh\"\n";
			showEnvVarsInLog = 0;
		};
		4B96D12CB09C453847F75232 /* [CP] Embed Pods Frameworks */ = {
			isa = PBXShellScriptBuildPhase;
			buildActionMask = 2147483647;
			files = (
			);
			inputPaths = (
				"${SRCROOT}/Pods/Target Support Files/Pods-iTunesSearchSampleTests/Pods-iTunesSearchSampleTests-frameworks.sh",
				"${BUILT_PRODUCTS_DIR}/Alamofire/Alamofire.framework",
				"${BUILT_PRODUCTS_DIR}/AlamofireImage/AlamofireImage.framework",
				"${BUILT_PRODUCTS_DIR}/Realm/Realm.framework",
				"${BUILT_PRODUCTS_DIR}/RealmSwift/RealmSwift.framework",
			);
			name = "[CP] Embed Pods Frameworks";
			outputPaths = (
				"${TARGET_BUILD_DIR}/${FRAMEWORKS_FOLDER_PATH}/Alamofire.framework",
				"${TARGET_BUILD_DIR}/${FRAMEWORKS_FOLDER_PATH}/AlamofireImage.framework",
				"${TARGET_BUILD_DIR}/${FRAMEWORKS_FOLDER_PATH}/Realm.framework",
				"${TARGET_BUILD_DIR}/${FRAMEWORKS_FOLDER_PATH}/RealmSwift.framework",
			);
			runOnlyForDeploymentPostprocessing = 0;
			shellPath = /bin/sh;
			shellScript = "\"${SRCROOT}/Pods/Target Support Files/Pods-iTunesSearchSampleTests/Pods-iTunesSearchSampleTests-frameworks.sh\"\n";
			showEnvVarsInLog = 0;
		};
		6CD75A6069D49538C7768A54 /* [CP] Check Pods Manifest.lock */ = {
			isa = PBXShellScriptBuildPhase;
			buildActionMask = 2147483647;
			files = (
			);
			inputPaths = (
				"${PODS_PODFILE_DIR_PATH}/Podfile.lock",
				"${PODS_ROOT}/Manifest.lock",
			);
			name = "[CP] Check Pods Manifest.lock";
			outputPaths = (
				"$(DERIVED_FILE_DIR)/Pods-iTunesSearchSample-checkManifestLockResult.txt",
			);
			runOnlyForDeploymentPostprocessing = 0;
			shellPath = /bin/sh;
			shellScript = "diff \"${PODS_PODFILE_DIR_PATH}/Podfile.lock\" \"${PODS_ROOT}/Manifest.lock\" > /dev/null\nif [ $? != 0 ] ; then\n    # print error to STDERR\n    echo \"error: The sandbox is not in sync with the Podfile.lock. Run 'pod install' or update your CocoaPods installation.\" >&2\n    exit 1\nfi\n# This output is used by Xcode 'outputs' to avoid re-running this script phase.\necho \"SUCCESS\" > \"${SCRIPT_OUTPUT_FILE_0}\"\n";
			showEnvVarsInLog = 0;
		};
		706305B8541FCF390F4E76D1 /* [CP] Check Pods Manifest.lock */ = {
			isa = PBXShellScriptBuildPhase;
			buildActionMask = 2147483647;
			files = (
			);
			inputPaths = (
				"${PODS_PODFILE_DIR_PATH}/Podfile.lock",
				"${PODS_ROOT}/Manifest.lock",
			);
			name = "[CP] Check Pods Manifest.lock";
			outputPaths = (
				"$(DERIVED_FILE_DIR)/Pods-iTunesSearchSampleTests-checkManifestLockResult.txt",
			);
			runOnlyForDeploymentPostprocessing = 0;
			shellPath = /bin/sh;
			shellScript = "diff \"${PODS_PODFILE_DIR_PATH}/Podfile.lock\" \"${PODS_ROOT}/Manifest.lock\" > /dev/null\nif [ $? != 0 ] ; then\n    # print error to STDERR\n    echo \"error: The sandbox is not in sync with the Podfile.lock. Run 'pod install' or update your CocoaPods installation.\" >&2\n    exit 1\nfi\n# This output is used by Xcode 'outputs' to avoid re-running this script phase.\necho \"SUCCESS\" > \"${SCRIPT_OUTPUT_FILE_0}\"\n";
			showEnvVarsInLog = 0;
		};
		9F033B3E281F2D01641651AA /* [CP] Embed Pods Frameworks */ = {
			isa = PBXShellScriptBuildPhase;
			buildActionMask = 2147483647;
			files = (
			);
			inputPaths = (
				"${SRCROOT}/Pods/Target Support Files/Pods-iTunesSearchSampleUITests/Pods-iTunesSearchSampleUITests-frameworks.sh",
				"${BUILT_PRODUCTS_DIR}/Alamofire/Alamofire.framework",
				"${BUILT_PRODUCTS_DIR}/AlamofireImage/AlamofireImage.framework",
				"${BUILT_PRODUCTS_DIR}/Realm/Realm.framework",
				"${BUILT_PRODUCTS_DIR}/RealmSwift/RealmSwift.framework",
			);
			name = "[CP] Embed Pods Frameworks";
			outputPaths = (
				"${TARGET_BUILD_DIR}/${FRAMEWORKS_FOLDER_PATH}/Alamofire.framework",
				"${TARGET_BUILD_DIR}/${FRAMEWORKS_FOLDER_PATH}/AlamofireImage.framework",
				"${TARGET_BUILD_DIR}/${FRAMEWORKS_FOLDER_PATH}/Realm.framework",
				"${TARGET_BUILD_DIR}/${FRAMEWORKS_FOLDER_PATH}/RealmSwift.framework",
			);
			runOnlyForDeploymentPostprocessing = 0;
			shellPath = /bin/sh;
			shellScript = "\"${SRCROOT}/Pods/Target Support Files/Pods-iTunesSearchSampleUITests/Pods-iTunesSearchSampleUITests-frameworks.sh\"\n";
			showEnvVarsInLog = 0;
		};
		F7E9DB6BA3EA4251F2BE5AB1 /* [CP] Check Pods Manifest.lock */ = {
			isa = PBXShellScriptBuildPhase;
			buildActionMask = 2147483647;
			files = (
			);
			inputPaths = (
				"${PODS_PODFILE_DIR_PATH}/Podfile.lock",
				"${PODS_ROOT}/Manifest.lock",
			);
			name = "[CP] Check Pods Manifest.lock";
			outputPaths = (
				"$(DERIVED_FILE_DIR)/Pods-iTunesSearchSampleUITests-checkManifestLockResult.txt",
			);
			runOnlyForDeploymentPostprocessing = 0;
			shellPath = /bin/sh;
			shellScript = "diff \"${PODS_PODFILE_DIR_PATH}/Podfile.lock\" \"${PODS_ROOT}/Manifest.lock\" > /dev/null\nif [ $? != 0 ] ; then\n    # print error to STDERR\n    echo \"error: The sandbox is not in sync with the Podfile.lock. Run 'pod install' or update your CocoaPods installation.\" >&2\n    exit 1\nfi\n# This output is used by Xcode 'outputs' to avoid re-running this script phase.\necho \"SUCCESS\" > \"${SCRIPT_OUTPUT_FILE_0}\"\n";
			showEnvVarsInLog = 0;
		};
/* End PBXShellScriptBuildPhase section */

/* Begin PBXSourcesBuildPhase section */
		E0155F6C21CDD6910041A96C /* Sources */ = {
			isa = PBXSourcesBuildPhase;
			buildActionMask = 2147483647;
			files = (
				AC3A96E921D01CFB00B8DEAC /* SplashScreen.swift in Sources */,
				E0155FD821CEDBA60041A96C /* CacheManager.swift in Sources */,
				E0155FD221CE554F0041A96C /* TypeConverterViewModel.swift in Sources */,
				E0155FDC21CF59500041A96C /* ImageDownloader.swift in Sources */,
				E0155FD421CEBAAB0041A96C /* RealmTrack.swift in Sources */,
				E0155FC321CE34C80041A96C /* ConstraintHelpers++.swift in Sources */,
				E0155FA621CDD9430041A96C /* FetchedObjects.swift in Sources */,
				AC3A970021D0AA2000B8DEAC /* ImageScaleHelper++.swift in Sources */,
				E0155FAC21CDEAC60041A96C /* Track.swift in Sources */,
				E0155FCB21CE35D60041A96C /* MainScreenBackgroundView.swift in Sources */,
				E0155FBE21CE33270041A96C /* MainScreenHeaderView.swift in Sources */,
				E0AADC5221D2C5BD00C2B4E5 /* DetailsView.swift in Sources */,
				E0155F7621CDD6910041A96C /* MainScreenController.swift in Sources */,
				AC3A96FC21D08C3C00B8DEAC /* DetailScreenController.swift in Sources */,
				E0155FB921CE094F0041A96C /* MainScreenCollectionViewCell.swift in Sources */,
				E0155FC721CE34E90041A96C /* DeviceHelpers++.swift in Sources */,
				E0155F7C21CDD6910041A96C /* iTunesSearchSample.xcdatamodeld in Sources */,
				E0155F7421CDD6910041A96C /* AppDelegate.swift in Sources */,
			);
			runOnlyForDeploymentPostprocessing = 0;
		};
		E0155F8321CDD6920041A96C /* Sources */ = {
			isa = PBXSourcesBuildPhase;
			buildActionMask = 2147483647;
			files = (
				AC3A96F321D02A3B00B8DEAC /* SplashScreen.swift in Sources */,
				E0155FBA21CE094F0041A96C /* MainScreenCollectionViewCell.swift in Sources */,
				E0155FC821CE34E90041A96C /* DeviceHelpers++.swift in Sources */,
				E0155FCC21CE35D60041A96C /* MainScreenBackgroundView.swift in Sources */,
				AC3A970121D0AA2000B8DEAC /* ImageScaleHelper++.swift in Sources */,
				AC3A96FD21D08C3C00B8DEAC /* DetailScreenController.swift in Sources */,
				E0155FBF21CE33270041A96C /* MainScreenHeaderView.swift in Sources */,
				E0155FD521CEBAAB0041A96C /* RealmTrack.swift in Sources */,
				E0155FA721CDD9430041A96C /* FetchedObjects.swift in Sources */,
				E0155FDD21CF59500041A96C /* ImageDownloader.swift in Sources */,
				AC3A96F521D0555C00B8DEAC /* TypeConverterViewModel.swift in Sources */,
				E0155FD921CEDBA60041A96C /* CacheManager.swift in Sources */,
				E0AADC5521D2C97400C2B4E5 /* MainScreenController.swift in Sources */,
				E0155F8C21CDD6920041A96C /* iTunesSearchSampleTests.swift in Sources */,
				E0AADC5321D2C5BD00C2B4E5 /* DetailsView.swift in Sources */,
				E0155FAD21CDEAC60041A96C /* Track.swift in Sources */,
				E0155FC421CE34C80041A96C /* ConstraintHelpers++.swift in Sources */,
			);
			runOnlyForDeploymentPostprocessing = 0;
		};
		E0155F8E21CDD6920041A96C /* Sources */ = {
			isa = PBXSourcesBuildPhase;
			buildActionMask = 2147483647;
			files = (
				AC3A96F421D02A3C00B8DEAC /* SplashScreen.swift in Sources */,
				E0155FBB21CE094F0041A96C /* MainScreenCollectionViewCell.swift in Sources */,
				E0155FC921CE34E90041A96C /* DeviceHelpers++.swift in Sources */,
				E0155FCD21CE35D60041A96C /* MainScreenBackgroundView.swift in Sources */,
				AC3A970221D0AA2000B8DEAC /* ImageScaleHelper++.swift in Sources */,
				AC3A96FE21D08C3C00B8DEAC /* DetailScreenController.swift in Sources */,
				E0155FC021CE33270041A96C /* MainScreenHeaderView.swift in Sources */,
				E0155FD621CEBAAB0041A96C /* RealmTrack.swift in Sources */,
				E0155FA821CDD9430041A96C /* FetchedObjects.swift in Sources */,
				E0155FDE21CF59500041A96C /* ImageDownloader.swift in Sources */,
				AC3A96F621D0555D00B8DEAC /* TypeConverterViewModel.swift in Sources */,
				E0155FDA21CEDBA60041A96C /* CacheManager.swift in Sources */,
				E0AADC5621D2C97500C2B4E5 /* MainScreenController.swift in Sources */,
				E0155F9721CDD6920041A96C /* iTunesSearchSampleUITests.swift in Sources */,
				E0AADC5421D2C5BD00C2B4E5 /* DetailsView.swift in Sources */,
				E0155FAE21CDEAC60041A96C /* Track.swift in Sources */,
				E0155FC521CE34C80041A96C /* ConstraintHelpers++.swift in Sources */,
			);
			runOnlyForDeploymentPostprocessing = 0;
		};
/* End PBXSourcesBuildPhase section */

/* Begin PBXTargetDependency section */
		E0155F8921CDD6920041A96C /* PBXTargetDependency */ = {
			isa = PBXTargetDependency;
			target = E0155F6F21CDD6910041A96C /* iTunesSearchSample */;
			targetProxy = E0155F8821CDD6920041A96C /* PBXContainerItemProxy */;
		};
		E0155F9421CDD6920041A96C /* PBXTargetDependency */ = {
			isa = PBXTargetDependency;
			target = E0155F6F21CDD6910041A96C /* iTunesSearchSample */;
			targetProxy = E0155F9321CDD6920041A96C /* PBXContainerItemProxy */;
		};
/* End PBXTargetDependency section */

/* Begin PBXVariantGroup section */
		E0155F7721CDD6910041A96C /* Main.storyboard */ = {
			isa = PBXVariantGroup;
			children = (
				E0155F7821CDD6910041A96C /* Base */,
			);
			name = Main.storyboard;
			sourceTree = "<group>";
		};
		E0155F7F21CDD6920041A96C /* LaunchScreen.storyboard */ = {
			isa = PBXVariantGroup;
			children = (
				E0155F8021CDD6920041A96C /* Base */,
			);
			name = LaunchScreen.storyboard;
			sourceTree = "<group>";
		};
/* End PBXVariantGroup section */

/* Begin XCBuildConfiguration section */
		E0155F9921CDD6920041A96C /* Debug */ = {
			isa = XCBuildConfiguration;
			buildSettings = {
				ALWAYS_SEARCH_USER_PATHS = NO;
				CLANG_ANALYZER_NONNULL = YES;
				CLANG_ANALYZER_NUMBER_OBJECT_CONVERSION = YES_AGGRESSIVE;
				CLANG_CXX_LANGUAGE_STANDARD = "gnu++14";
				CLANG_CXX_LIBRARY = "libc++";
				CLANG_ENABLE_MODULES = YES;
				CLANG_ENABLE_OBJC_ARC = YES;
				CLANG_ENABLE_OBJC_WEAK = YES;
				CLANG_WARN_BLOCK_CAPTURE_AUTORELEASING = YES;
				CLANG_WARN_BOOL_CONVERSION = YES;
				CLANG_WARN_COMMA = YES;
				CLANG_WARN_CONSTANT_CONVERSION = YES;
				CLANG_WARN_DEPRECATED_OBJC_IMPLEMENTATIONS = YES;
				CLANG_WARN_DIRECT_OBJC_ISA_USAGE = YES_ERROR;
				CLANG_WARN_DOCUMENTATION_COMMENTS = YES;
				CLANG_WARN_EMPTY_BODY = YES;
				CLANG_WARN_ENUM_CONVERSION = YES;
				CLANG_WARN_INFINITE_RECURSION = YES;
				CLANG_WARN_INT_CONVERSION = YES;
				CLANG_WARN_NON_LITERAL_NULL_CONVERSION = YES;
				CLANG_WARN_OBJC_IMPLICIT_RETAIN_SELF = YES;
				CLANG_WARN_OBJC_LITERAL_CONVERSION = YES;
				CLANG_WARN_OBJC_ROOT_CLASS = YES_ERROR;
				CLANG_WARN_RANGE_LOOP_ANALYSIS = YES;
				CLANG_WARN_STRICT_PROTOTYPES = YES;
				CLANG_WARN_SUSPICIOUS_MOVE = YES;
				CLANG_WARN_UNGUARDED_AVAILABILITY = YES_AGGRESSIVE;
				CLANG_WARN_UNREACHABLE_CODE = YES;
				CLANG_WARN__DUPLICATE_METHOD_MATCH = YES;
				CODE_SIGN_IDENTITY = "iPhone Developer";
				COPY_PHASE_STRIP = NO;
				DEBUG_INFORMATION_FORMAT = dwarf;
				ENABLE_STRICT_OBJC_MSGSEND = YES;
				ENABLE_TESTABILITY = YES;
				GCC_C_LANGUAGE_STANDARD = gnu11;
				GCC_DYNAMIC_NO_PIC = NO;
				GCC_NO_COMMON_BLOCKS = YES;
				GCC_OPTIMIZATION_LEVEL = 0;
				GCC_PREPROCESSOR_DEFINITIONS = (
					"DEBUG=1",
					"$(inherited)",
				);
				GCC_WARN_64_TO_32_BIT_CONVERSION = YES;
				GCC_WARN_ABOUT_RETURN_TYPE = YES_ERROR;
				GCC_WARN_UNDECLARED_SELECTOR = YES;
				GCC_WARN_UNINITIALIZED_AUTOS = YES_AGGRESSIVE;
				GCC_WARN_UNUSED_FUNCTION = YES;
				GCC_WARN_UNUSED_VARIABLE = YES;
				IPHONEOS_DEPLOYMENT_TARGET = 12.1;
				MTL_ENABLE_DEBUG_INFO = INCLUDE_SOURCE;
				MTL_FAST_MATH = YES;
				ONLY_ACTIVE_ARCH = YES;
				SDKROOT = iphoneos;
				SWIFT_ACTIVE_COMPILATION_CONDITIONS = DEBUG;
				SWIFT_OPTIMIZATION_LEVEL = "-Onone";
			};
			name = Debug;
		};
		E0155F9A21CDD6920041A96C /* Release */ = {
			isa = XCBuildConfiguration;
			buildSettings = {
				ALWAYS_SEARCH_USER_PATHS = NO;
				CLANG_ANALYZER_NONNULL = YES;
				CLANG_ANALYZER_NUMBER_OBJECT_CONVERSION = YES_AGGRESSIVE;
				CLANG_CXX_LANGUAGE_STANDARD = "gnu++14";
				CLANG_CXX_LIBRARY = "libc++";
				CLANG_ENABLE_MODULES = YES;
				CLANG_ENABLE_OBJC_ARC = YES;
				CLANG_ENABLE_OBJC_WEAK = YES;
				CLANG_WARN_BLOCK_CAPTURE_AUTORELEASING = YES;
				CLANG_WARN_BOOL_CONVERSION = YES;
				CLANG_WARN_COMMA = YES;
				CLANG_WARN_CONSTANT_CONVERSION = YES;
				CLANG_WARN_DEPRECATED_OBJC_IMPLEMENTATIONS = YES;
				CLANG_WARN_DIRECT_OBJC_ISA_USAGE = YES_ERROR;
				CLANG_WARN_DOCUMENTATION_COMMENTS = YES;
				CLANG_WARN_EMPTY_BODY = YES;
				CLANG_WARN_ENUM_CONVERSION = YES;
				CLANG_WARN_INFINITE_RECURSION = YES;
				CLANG_WARN_INT_CONVERSION = YES;
				CLANG_WARN_NON_LITERAL_NULL_CONVERSION = YES;
				CLANG_WARN_OBJC_IMPLICIT_RETAIN_SELF = YES;
				CLANG_WARN_OBJC_LITERAL_CONVERSION = YES;
				CLANG_WARN_OBJC_ROOT_CLASS = YES_ERROR;
				CLANG_WARN_RANGE_LOOP_ANALYSIS = YES;
				CLANG_WARN_STRICT_PROTOTYPES = YES;
				CLANG_WARN_SUSPICIOUS_MOVE = YES;
				CLANG_WARN_UNGUARDED_AVAILABILITY = YES_AGGRESSIVE;
				CLANG_WARN_UNREACHABLE_CODE = YES;
				CLANG_WARN__DUPLICATE_METHOD_MATCH = YES;
				CODE_SIGN_IDENTITY = "iPhone Developer";
				COPY_PHASE_STRIP = NO;
				DEBUG_INFORMATION_FORMAT = "dwarf-with-dsym";
				ENABLE_NS_ASSERTIONS = NO;
				ENABLE_STRICT_OBJC_MSGSEND = YES;
				GCC_C_LANGUAGE_STANDARD = gnu11;
				GCC_NO_COMMON_BLOCKS = YES;
				GCC_WARN_64_TO_32_BIT_CONVERSION = YES;
				GCC_WARN_ABOUT_RETURN_TYPE = YES_ERROR;
				GCC_WARN_UNDECLARED_SELECTOR = YES;
				GCC_WARN_UNINITIALIZED_AUTOS = YES_AGGRESSIVE;
				GCC_WARN_UNUSED_FUNCTION = YES;
				GCC_WARN_UNUSED_VARIABLE = YES;
				IPHONEOS_DEPLOYMENT_TARGET = 12.1;
				MTL_ENABLE_DEBUG_INFO = NO;
				MTL_FAST_MATH = YES;
				SDKROOT = iphoneos;
				SWIFT_COMPILATION_MODE = wholemodule;
				SWIFT_OPTIMIZATION_LEVEL = "-O";
				VALIDATE_PRODUCT = YES;
			};
			name = Release;
		};
		E0155F9C21CDD6920041A96C /* Debug */ = {
			isa = XCBuildConfiguration;
			baseConfigurationReference = DCDF8A00815DB2103347EF80 /* Pods-iTunesSearchSample.debug.xcconfig */;
			buildSettings = {
				ASSETCATALOG_COMPILER_APPICON_NAME = AppIcon;
				CODE_SIGN_STYLE = Automatic;
				DEVELOPMENT_TEAM = UG8R9K7QQG;
				INFOPLIST_FILE = iTunesSearchSample/Info.plist;
				IPHONEOS_DEPLOYMENT_TARGET = 12.0;
				LD_RUNPATH_SEARCH_PATHS = (
					"$(inherited)",
					"@executable_path/Frameworks",
				);
				PRODUCT_BUNDLE_IDENTIFIER = com.ceriosly.iTunesSearchSample;
				PRODUCT_NAME = "$(TARGET_NAME)";
				SWIFT_VERSION = 4.2;
				TARGETED_DEVICE_FAMILY = "1,2";
			};
			name = Debug;
		};
		E0155F9D21CDD6920041A96C /* Release */ = {
			isa = XCBuildConfiguration;
			baseConfigurationReference = A659FF879D7F8A6AC24B7CA3 /* Pods-iTunesSearchSample.release.xcconfig */;
			buildSettings = {
				ASSETCATALOG_COMPILER_APPICON_NAME = AppIcon;
				CODE_SIGN_STYLE = Automatic;
				DEVELOPMENT_TEAM = UG8R9K7QQG;
				INFOPLIST_FILE = iTunesSearchSample/Info.plist;
				IPHONEOS_DEPLOYMENT_TARGET = 12.0;
				LD_RUNPATH_SEARCH_PATHS = (
					"$(inherited)",
					"@executable_path/Frameworks",
				);
				PRODUCT_BUNDLE_IDENTIFIER = com.ceriosly.iTunesSearchSample;
				PRODUCT_NAME = "$(TARGET_NAME)";
				SWIFT_VERSION = 4.2;
				TARGETED_DEVICE_FAMILY = "1,2";
			};
			name = Release;
		};
		E0155F9F21CDD6920041A96C /* Debug */ = {
			isa = XCBuildConfiguration;
			baseConfigurationReference = 08786CF788AC44DCA32BEE72 /* Pods-iTunesSearchSampleTests.debug.xcconfig */;
			buildSettings = {
				ALWAYS_EMBED_SWIFT_STANDARD_LIBRARIES = YES;
				BUNDLE_LOADER = "$(TEST_HOST)";
				CODE_SIGN_STYLE = Automatic;
				DEVELOPMENT_TEAM = UG8R9K7QQG;
				INFOPLIST_FILE = iTunesSearchSampleTests/Info.plist;
				LD_RUNPATH_SEARCH_PATHS = (
					"$(inherited)",
					"@executable_path/Frameworks",
					"@loader_path/Frameworks",
				);
				PRODUCT_BUNDLE_IDENTIFIER = com.ceriosly.iTunesSearchSampleTests;
				PRODUCT_NAME = "$(TARGET_NAME)";
				SWIFT_VERSION = 4.2;
				TARGETED_DEVICE_FAMILY = "1,2";
				TEST_HOST = "$(BUILT_PRODUCTS_DIR)/iTunesSearchSample.app/iTunesSearchSample";
			};
			name = Debug;
		};
		E0155FA021CDD6920041A96C /* Release */ = {
			isa = XCBuildConfiguration;
			baseConfigurationReference = 7CAB0B95F23AC46CBBE56D84 /* Pods-iTunesSearchSampleTests.release.xcconfig */;
			buildSettings = {
				ALWAYS_EMBED_SWIFT_STANDARD_LIBRARIES = YES;
				BUNDLE_LOADER = "$(TEST_HOST)";
				CODE_SIGN_STYLE = Automatic;
				DEVELOPMENT_TEAM = UG8R9K7QQG;
				INFOPLIST_FILE = iTunesSearchSampleTests/Info.plist;
				LD_RUNPATH_SEARCH_PATHS = (
					"$(inherited)",
					"@executable_path/Frameworks",
					"@loader_path/Frameworks",
				);
				PRODUCT_BUNDLE_IDENTIFIER = com.ceriosly.iTunesSearchSampleTests;
				PRODUCT_NAME = "$(TARGET_NAME)";
				SWIFT_VERSION = 4.2;
				TARGETED_DEVICE_FAMILY = "1,2";
				TEST_HOST = "$(BUILT_PRODUCTS_DIR)/iTunesSearchSample.app/iTunesSearchSample";
			};
			name = Release;
		};
		E0155FA221CDD6920041A96C /* Debug */ = {
			isa = XCBuildConfiguration;
			baseConfigurationReference = 952D4BBF8E4613CC62A1FF96 /* Pods-iTunesSearchSampleUITests.debug.xcconfig */;
			buildSettings = {
				ALWAYS_EMBED_SWIFT_STANDARD_LIBRARIES = YES;
				CODE_SIGN_STYLE = Automatic;
				DEVELOPMENT_TEAM = UG8R9K7QQG;
				INFOPLIST_FILE = iTunesSearchSampleUITests/Info.plist;
				LD_RUNPATH_SEARCH_PATHS = (
					"$(inherited)",
					"@executable_path/Frameworks",
					"@loader_path/Frameworks",
				);
				PRODUCT_BUNDLE_IDENTIFIER = com.ceriosly.iTunesSearchSampleUITests;
				PRODUCT_NAME = "$(TARGET_NAME)";
				SWIFT_VERSION = 4.2;
				TARGETED_DEVICE_FAMILY = "1,2";
				TEST_TARGET_NAME = iTunesSearchSample;
			};
			name = Debug;
		};
		E0155FA321CDD6920041A96C /* Release */ = {
			isa = XCBuildConfiguration;
			baseConfigurationReference = 980691782194E4CBBBFA2722 /* Pods-iTunesSearchSampleUITests.release.xcconfig */;
			buildSettings = {
				ALWAYS_EMBED_SWIFT_STANDARD_LIBRARIES = YES;
				CODE_SIGN_STYLE = Automatic;
				DEVELOPMENT_TEAM = UG8R9K7QQG;
				INFOPLIST_FILE = iTunesSearchSampleUITests/Info.plist;
				LD_RUNPATH_SEARCH_PATHS = (
					"$(inherited)",
					"@executable_path/Frameworks",
					"@loader_path/Frameworks",
				);
				PRODUCT_BUNDLE_IDENTIFIER = com.ceriosly.iTunesSearchSampleUITests;
				PRODUCT_NAME = "$(TARGET_NAME)";
				SWIFT_VERSION = 4.2;
				TARGETED_DEVICE_FAMILY = "1,2";
				TEST_TARGET_NAME = iTunesSearchSample;
			};
			name = Release;
		};
/* End XCBuildConfiguration section */

/* Begin XCConfigurationList section */
		E0155F6B21CDD6900041A96C /* Build configuration list for PBXProject "iTunesSearchSample" */ = {
			isa = XCConfigurationList;
			buildConfigurations = (
				E0155F9921CDD6920041A96C /* Debug */,
				E0155F9A21CDD6920041A96C /* Release */,
			);
			defaultConfigurationIsVisible = 0;
			defaultConfigurationName = Release;
		};
		E0155F9B21CDD6920041A96C /* Build configuration list for PBXNativeTarget "iTunesSearchSample" */ = {
			isa = XCConfigurationList;
			buildConfigurations = (
				E0155F9C21CDD6920041A96C /* Debug */,
				E0155F9D21CDD6920041A96C /* Release */,
			);
			defaultConfigurationIsVisible = 0;
			defaultConfigurationName = Release;
		};
		E0155F9E21CDD6920041A96C /* Build configuration list for PBXNativeTarget "iTunesSearchSampleTests" */ = {
			isa = XCConfigurationList;
			buildConfigurations = (
				E0155F9F21CDD6920041A96C /* Debug */,
				E0155FA021CDD6920041A96C /* Release */,
			);
			defaultConfigurationIsVisible = 0;
			defaultConfigurationName = Release;
		};
		E0155FA121CDD6920041A96C /* Build configuration list for PBXNativeTarget "iTunesSearchSampleUITests" */ = {
			isa = XCConfigurationList;
			buildConfigurations = (
				E0155FA221CDD6920041A96C /* Debug */,
				E0155FA321CDD6920041A96C /* Release */,
			);
			defaultConfigurationIsVisible = 0;
			defaultConfigurationName = Release;
		};
/* End XCConfigurationList section */

/* Begin XCVersionGroup section */
		E0155F7A21CDD6910041A96C /* iTunesSearchSample.xcdatamodeld */ = {
			isa = XCVersionGroup;
			children = (
				E0155F7B21CDD6910041A96C /* iTunesSearchSample.xcdatamodel */,
			);
			currentVersion = E0155F7B21CDD6910041A96C /* iTunesSearchSample.xcdatamodel */;
			path = iTunesSearchSample.xcdatamodeld;
			sourceTree = "<group>";
			versionGroupType = wrapper.xcdatamodel;
		};
/* End XCVersionGroup section */
	};
	rootObject = E0155F6821CDD6900041A96C /* Project object */;
}
